
Microsoft Visual Studio Solution File, Format Version 12.00
# Visual Studio 15
VisualStudioVersion = 15.0.28010.2046
MinimumVisualStudioVersion = 10.0.40219.1
Project("{FAE04EC0-301F-11D3-BF4B-00C04F79EFBC}") = "Catchy", "Catchy\Catchy.csproj", "{74C2267F-EB3A-44FF-AA84-27A69A4A1E1F}"
EndProject
Global
	GlobalSection(SolutionConfigurationPlatforms) = preSolution
		Debug|Any CPU = Debug|Any CPU
		Release|Any CPU = Release|Any CPU
	EndGlobalSection
	GlobalSection(ProjectConfigurationPlatforms) = postSolution
		{74C2267F-EB3A-44FF-AA84-27A69A4A1E1F}.Debug|Any CPU.ActiveCfg = Debug|Any CPU
		{74C2267F-EB3A-44FF-AA84-27A69A4A1E1F}.Debug|Any CPU.Build.0 = Debug|Any CPU
		{74C2267F-EB3A-44FF-AA84-27A69A4A1E1F}.Release|Any CPU.ActiveCfg = Release|Any CPU
		{74C2267F-EB3A-44FF-AA84-27A69A4A1E1F}.Release|Any CPU.Build.0 = Release|Any CPU
	EndGlobalSection
	GlobalSection(SolutionProperties) = preSolution
		HideSolutionNode = FALSE
	EndGlobalSection
	GlobalSection(ExtensibilityGlobals) = postSolution
		SolutionGuid = {A0409653-AD68-4F1B-8BA8-1274C7FF5B00}
	EndGlobalSection
EndGlobal
